{
  "name": "clentts",
  "version": "1.0.0",
  "lockfileVersion": 1,
  "requires": true,
  "dependencies": {
    "vue": {
      "version": "2.6.11",
      "resolved": "https://registry.npmjs.org/vue/-/vue-2.6.11.tgz",
      "integrity": "sha512-VfPwgcGABbGAue9+sfrD4PuwFar7gPb1yl1UK1MwXoQPAw0BKSqWfoYCT/ThFrdEVWoI51dBuyCoiNU9bZDZxQ=="
    },
    "vuetify": {
      "version": "2.2.25",
      "resolved": "https://registry.npmjs.org/vuetify/-/vuetify-2.2.25.tgz",
      "integrity": "sha512-sW//1OM2mH/tPmVm00fUKVZYOTooBh1/LSpOzIYCrHOZOL2JA3/3zM7zn7gyiJJzRTBklk5C+6YPI8lqz07d4g=="
    },
    "vuex": {
      "version": "3.3.0",
      "resolved": "https://registry.npmjs.org/vuex/-/vuex-3.3.0.tgz",
      "integrity": "sha512-1MfcBt+YFd20DPwKe0ThhYm1UEXZya4gVKUvCy7AtS11YAOUR+9a6u4fsv1Rr6ePZCDNxW/M1zuIaswp6nNv8Q=="
    }
  }
}
